# Which artifact is *the* artifact.
#
# Runtime artifacts and training provenance were built separately; each left
# behind a directory of near-identical files. This file names one per role.
# `residualmem/manifest.py`
# refuses to hand back a path whose sha256 disagrees, so choosing wrong becomes
# an exception instead of a slightly different number.
#
# Every hash below was recomputed from the bytes on disk on 2026-09-06. Do not
# copy hashes out of documentation into this file -- a transcription error makes
# the manifest reject the *correct* artifact, and the symptom is indistinguishable
# from a real mismatch. Regenerate with:
#     python -m residualmem.manifest --rehash --include-training

protocol: residualmem_system_lock_v1
minted: "2026-09-06"

# $DATA is outside the repo. On this machine /home/luzheng/workspace/...,
# /mnt/data/users/luzheng/workspace/... and /mnt/workspace/users/luzheng/...
# are the same physical disk. Override with RESIDUALMEM_DATA.
data_root: /mnt/data/users/luzheng/workspace/iclr/czs/data/molmoweb-pilot

artifacts:

  # Selected arm, step 6000, val answer-CE 1.7572. Chosen by the held-out
  # observation-fidelity gap, not by CE -- hence `.gapbest`, whose twin
  # `qformer-K32e-obs0.5.pt` is the CE-selected checkpoint and is NOT this.
  # 技术报告 §4.2 / WMA_RESIDUAL_复现手册 §4.1.
  qformer:
    path: ${REPO}/outputs/instruct_bridge/v9-instruct-pca20k-balanced-xbar/qformer-K32e-obs0.5.gapbest.pt
    sha256: fb31e5ff454a8062053fa25d5bbbcdff725cbb548a1bd641f5315a7fa867d231
    note: >-
      Carries the input connector inside it under the `connector.` key prefix.
      There is no separate connector artifact in this system: the three
      $D/input-connector-*.pt files belong to the retired fixed-pooling line and
      loading one alongside this checkpoint is a hard raise
      (residualmem_instruct_adapter.py:199-204).

  # Selected standalone retrieval head, frozen 2026-09-06. Trained only on the
  # full/gated OPQ reconstructions below; Q-Former, OPQ, WM and utility mask were
  # frozen. alpha=0.1, best step 1750. Both views retain symmetric InfoNCE and
  # teacher cosine; the gated key additionally follows stopgrad(full key).
  retrieval_head:
    path: ${REPO}/outputs/instruct_bridge/v9-instruct-pca20k-balanced-xbar/head-K32e-obs0.5-gapbest-utility-gated.pt
    sha256: 81ac262e85722e539f89734dc630ba755744cf9cb265b142fcb94dd5b216f424
    produced_by: scripts_utility_retrieval_head.sh

  # Exact cache that selected the head above. Locking it prevents a later WM
  # posterior/mask/codebook refresh from silently reusing the same head name.
  retrieval_cache:
    path: ${REPO}/outputs/instruct_bridge/v9-instruct-pca20k-balanced-xbar/cache-K32e-obs0.5-gapbest-utility-gated.npz
    sha256: a6af36c55c9e0d01a6482e66bc82e943cc3b9160f82af18024a6729587ea7650
    produced_by: experiments/state_tokenizer/build_utility_retrieval_cache.py
    training_only: true

  # The single most dangerous handoff in the system. Two fits share this
  # filename; only the pq-full/ one is bit-identical to the decoder embedded in
  # the world model's training npz. The other yields valid-looking codes, a cache
  # that builds, and ~972 bits of NLL error with nothing raising.
  codebook:
    path: ${DATA}/pq-full/opq-shared-mix10-M32-C64.npz
    sha256: bcc4c3938e0f301ef18a5224fbce1a1d66a3c50818c8f69da1b8e4159f5b2bb8
    known_wrong:
      - sha256: 658268350c8ca4c3fa49c67da12484c9c41aa64c4e30b3837ee988d1d1fe4f8a
        what: "$DATA/pq/opq-shared-mix10-M32-C64.npz -- a second k-means fit of the same config"
        why_it_matters: >-
          Centroids differ from the training decoder by 0.40 on average
          (max 47.3). Per-position TV distance median 0.335 against the correct
          0.000. The model will train and score without complaint and every
          number will be wrong by roughly 972 bits. See WMA_RESIDUAL_复现手册 §2 and §4.2.

  # REMOVED 2026-09-02, by request, so that only C=64 is on disk and no one can
  # reach for the wrong granularity by accident.
  #   $DATA/pq/opq-shared-mix10-M32-C16.npz
  #     sha256 762ffac45e96d1401686e3d8a29c73b9a7449b701f003b090465e8e8f2fad12a
  #   gate/codes-coarse.npz (its applied codes)
  #     sha256 910220a085ec5f81e0fce4ff21a24e11ad57bc5c0933f3e2e90b7c119d1ae584
  # Refittable from $DATA/encoded (4.0 GB, still present) with
  # `qformer_pq --num-categories 16`; the falsifiability test in
  # UTILITY_GATE.md 4.4 now needs that refit first rather than just a run.
  # Consumers are guarded (`--codebook-coarse` defaults to None and both call
  # sites check existence), so nothing breaks by its absence.

  # 60,000 steps, dropout 0.1. run/run.json best_selection.code_bits_per_transition
  # = 5182.83124384419 over 817 transitions; that number is the cross-check every
  # downstream stage must reproduce. best.pkl and last.pkl are byte-identical here
  # (best == last @ 60000), but the v8 line preregistered `last.pkl` to remove
  # selection optimism, so both are kept.
  world_model:
    path: ${REPO}/run/best.pkl
    sha256: e8ab2922fa642cd01cf40f80f30a46fdde0f69127dc6a6ca66713f9f0466bd6b

  # Two-stage utility vector. The first stage estimates absolute single-position
  # effects; the second measures a restoration under the complete first-pass
  # mask. Deployment uses the conservative envelope max(U_first, U_conditional),
  # so the second stage can restore positions but never newly drop one.
  #
  # Ships the utility vector and lambda, NOT a boolean mask: the decision is per
  # state (drop j iff U_eff,j < lambda * H_j) and H_j is recomputed decoder-side,
  # so the gate costs zero mask bits.
  #
  # The mask is bound to the WMA fit-corpus question distribution. Fitting it on
  # generated questions measurably worsened it on WMA questions
  # (UTILITY_GATE.md §7.4). That warning is also inside the npz metadata.
  utility_mask:
    path: ${REPO}/gate/mask-lambda0.0010.npz
    sha256: 1568e82941b9f62fbfdc7550d806a6b065b8cbb93d0e766711f836062fa644d4
    produced_by: experiments/utility_gate/two_stage_mask.py
